
Microsoft Visual Studio Solution File, Format Version 12.00
# Visual Studio Version 17
VisualStudioVersion = 17.0.31903.59
MinimumVisualStudioVersion = 10.0.40219.1
Project("{FAE04EC0-301F-11D3-BF4B-00C04F79EFBC}") = "IdentityService.Api", "src\IdentityService.Api\IdentityService.Api.csproj", "{0C59F3A1-7B2D-4E61-9E2D-1A4F5C6B7D80}"
EndProject
Project("{FAE04EC0-301F-11D3-BF4B-00C04F79EFBC}") = "IdentityService.Application", "src\IdentityService.Application\IdentityService.Application.csproj", "{1D6A04B2-8C3E-4F72-AF3E-2B506D7C8E91}"
EndProject
Project("{FAE04EC0-301F-11D3-BF4B-00C04F79EFBC}") = "IdentityService.Domain", "src\IdentityService.Domain\IdentityService.Domain.csproj", "{2E7B15C3-9D4F-5083-B04F-3C617E8D9FA2}"
EndProject
Project("{FAE04EC0-301F-11D3-BF4B-00C04F79EFBC}") = "IdentityService.Infrastructure", "src\IdentityService.Infrastructure\IdentityService.Infrastructure.csproj", "{3F8C26D4-AE50-6194-C150-4D728F9EAFB3}"
EndProject
Global
	GlobalSection(SolutionConfigurationPlatforms) = preSolution
		Debug|Any CPU = Debug|Any CPU
		Release|Any CPU = Release|Any CPU
	EndGlobalSection
	GlobalSection(ProjectConfigurationPlatforms) = postSolution
		{0C59F3A1-7B2D-4E61-9E2D-1A4F5C6B7D80}.Debug|Any CPU.ActiveCfg = Debug|Any CPU
		{0C59F3A1-7B2D-4E61-9E2D-1A4F5C6B7D80}.Debug|Any CPU.Build.0 = Debug|Any CPU
		{0C59F3A1-7B2D-4E61-9E2D-1A4F5C6B7D80}.Release|Any CPU.ActiveCfg = Release|Any CPU
		{0C59F3A1-7B2D-4E61-9E2D-1A4F5C6B7D80}.Release|Any CPU.Build.0 = Release|Any CPU
		{1D6A04B2-8C3E-4F72-AF3E-2B506D7C8E91}.Debug|Any CPU.ActiveCfg = Debug|Any CPU
		{1D6A04B2-8C3E-4F72-AF3E-2B506D7C8E91}.Debug|Any CPU.Build.0 = Debug|Any CPU
		{1D6A04B2-8C3E-4F72-AF3E-2B506D7C8E91}.Release|Any CPU.ActiveCfg = Release|Any CPU
		{1D6A04B2-8C3E-4F72-AF3E-2B506D7C8E91}.Release|Any CPU.Build.0 = Release|Any CPU
		{2E7B15C3-9D4F-5083-B04F-3C617E8D9FA2}.Debug|Any CPU.ActiveCfg = Debug|Any CPU
		{2E7B15C3-9D4F-5083-B04F-3C617E8D9FA2}.Debug|Any CPU.Build.0 = Debug|Any CPU
		{2E7B15C3-9D4F-5083-B04F-3C617E8D9FA2}.Release|Any CPU.ActiveCfg = Release|Any CPU
		{2E7B15C3-9D4F-5083-B04F-3C617E8D9FA2}.Release|Any CPU.Build.0 = Release|Any CPU
		{3F8C26D4-AE50-6194-C150-4D728F9EAFB3}.Debug|Any CPU.ActiveCfg = Debug|Any CPU
		{3F8C26D4-AE50-6194-C150-4D728F9EAFB3}.Debug|Any CPU.Build.0 = Debug|Any CPU
		{3F8C26D4-AE50-6194-C150-4D728F9EAFB3}.Release|Any CPU.ActiveCfg = Release|Any CPU
		{3F8C26D4-AE50-6194-C150-4D728F9EAFB3}.Release|Any CPU.Build.0 = Release|Any CPU
	EndGlobalSection
EndGlobal